
Microsoft Visual Studio Solution File, Format Version 12.00
# Visual Studio 14
VisualStudioVersion = 14.0.25420.1
MinimumVisualStudioVersion = 10.0.40219.1
Project("{2150E333-8FDC-42A3-9474-1A3956D46DE8}") = "Solution Items", "Solution Items", "{0696CCAB-1BDD-444D-922A-DBF279454E54}"
	ProjectSection(SolutionItems) = preProject
		LICENSE.md = LICENSE.md
		README.md = README.md
	EndProjectSection
EndProject
Project("{FF286327-C783-4F7A-AB73-9BCBAD0D4460}") = "NuGet.Package", "NuGet.Package\NuGet.Package.nuproj", "{89A5F9E5-8D78-4F2B-9971-5CB30D35BF6C}"
EndProject
Project("{F184B08F-C81C-45F6-A57F-5ABD9991F28F}") = "MocaWebApi40", "MocaWebApi\MocaWebApi40.vbproj", "{43359428-DF99-4AB7-9987-B4FDFF2AC912}"
EndProject
Project("{F184B08F-C81C-45F6-A57F-5ABD9991F28F}") = "MocaWebApi45", "MocaWebApi\MocaWebApi45.vbproj", "{36343FCA-D54A-44EE-8648-4767C5123D7C}"
EndProject
Project("{F184B08F-C81C-45F6-A57F-5ABD9991F28F}") = "MocaWebApi46", "MocaWebApi\MocaWebApi46.vbproj", "{D5F64566-5DBE-4659-B495-3AA7F426CF59}"
EndProject
Project("{F184B08F-C81C-45F6-A57F-5ABD9991F28F}") = "MocaWebApi40.Test", "MocaWebApi40.Test\MocaWebApi40.Test.vbproj", "{169F6CCF-46E8-475E-944E-9201516B403C}"
EndProject
Project("{F184B08F-C81C-45F6-A57F-5ABD9991F28F}") = "MocaWebApi452", "MocaWebApi\MocaWebApi452.vbproj", "{F4FF4993-AE6F-4D9E-93F4-F6D6934315CF}"
EndProject
Project("{F184B08F-C81C-45F6-A57F-5ABD9991F28F}") = "MocaWebApi462", "MocaWebApi\MocaWebApi462.vbproj", "{9886C8FE-5779-49EC-82CC-6C61D0383007}"
EndProject
Project("{F184B08F-C81C-45F6-A57F-5ABD9991F28F}") = "MocaWebApi47", "MocaWebApi\MocaWebApi47.vbproj", "{BE183B3E-359C-4CC8-8D14-A507FA725B18}"
EndProject
Global
	GlobalSection(SolutionConfigurationPlatforms) = preSolution
		Debug|Any CPU = Debug|Any CPU
		Release|Any CPU = Release|Any CPU
	EndGlobalSection
	GlobalSection(ProjectConfigurationPlatforms) = postSolution
		{89A5F9E5-8D78-4F2B-9971-5CB30D35BF6C}.Debug|Any CPU.ActiveCfg = Debug|Any CPU
		{89A5F9E5-8D78-4F2B-9971-5CB30D35BF6C}.Debug|Any CPU.Build.0 = Debug|Any CPU
		{89A5F9E5-8D78-4F2B-9971-5CB30D35BF6C}.Release|Any CPU.ActiveCfg = Release|Any CPU
		{89A5F9E5-8D78-4F2B-9971-5CB30D35BF6C}.Release|Any CPU.Build.0 = Release|Any CPU
		{43359428-DF99-4AB7-9987-B4FDFF2AC912}.Debug|Any CPU.ActiveCfg = Debug|Any CPU
		{43359428-DF99-4AB7-9987-B4FDFF2AC912}.Debug|Any CPU.Build.0 = Debug|Any CPU
		{43359428-DF99-4AB7-9987-B4FDFF2AC912}.Release|Any CPU.ActiveCfg = Release|Any CPU
		{43359428-DF99-4AB7-9987-B4FDFF2AC912}.Release|Any CPU.Build.0 = Release|Any CPU
		{36343FCA-D54A-44EE-8648-4767C5123D7C}.Debug|Any CPU.ActiveCfg = Debug|Any CPU
		{36343FCA-D54A-44EE-8648-4767C5123D7C}.Debug|Any CPU.Build.0 = Debug|Any CPU
		{36343FCA-D54A-44EE-8648-4767C5123D7C}.Release|Any CPU.ActiveCfg = Release|Any CPU
		{36343FCA-D54A-44EE-8648-4767C5123D7C}.Release|Any CPU.Build.0 = Release|Any CPU
		{D5F64566-5DBE-4659-B495-3AA7F426CF59}.Debug|Any CPU.ActiveCfg = Debug|Any CPU
		{D5F64566-5DBE-4659-B495-3AA7F426CF59}.Debug|Any CPU.Build.0 = Debug|Any CPU
		{D5F64566-5DBE-4659-B495-3AA7F426CF59}.Release|Any CPU.ActiveCfg = Release|Any CPU
		{D5F64566-5DBE-4659-B495-3AA7F426CF59}.Release|Any CPU.Build.0 = Release|Any CPU
		{169F6CCF-46E8-475E-944E-9201516B403C}.Debug|Any CPU.ActiveCfg = Debug|Any CPU
		{169F6CCF-46E8-475E-944E-9201516B403C}.Debug|Any CPU.Build.0 = Debug|Any CPU
		{169F6CCF-46E8-475E-944E-9201516B403C}.Release|Any CPU.ActiveCfg = Release|Any CPU
		{F4FF4993-AE6F-4D9E-93F4-F6D6934315CF}.Debug|Any CPU.ActiveCfg = Debug|Any CPU
		{F4FF4993-AE6F-4D9E-93F4-F6D6934315CF}.Debug|Any CPU.Build.0 = Debug|Any CPU
		{F4FF4993-AE6F-4D9E-93F4-F6D6934315CF}.Release|Any CPU.ActiveCfg = Release|Any CPU
		{F4FF4993-AE6F-4D9E-93F4-F6D6934315CF}.Release|Any CPU.Build.0 = Release|Any CPU
		{9886C8FE-5779-49EC-82CC-6C61D0383007}.Debug|Any CPU.ActiveCfg = Debug|Any CPU
		{9886C8FE-5779-49EC-82CC-6C61D0383007}.Debug|Any CPU.Build.0 = Debug|Any CPU
		{9886C8FE-5779-49EC-82CC-6C61D0383007}.Release|Any CPU.ActiveCfg = Release|Any CPU
		{9886C8FE-5779-49EC-82CC-6C61D0383007}.Release|Any CPU.Build.0 = Release|Any CPU
		{BE183B3E-359C-4CC8-8D14-A507FA725B18}.Debug|Any CPU.ActiveCfg = Debug|Any CPU
		{BE183B3E-359C-4CC8-8D14-A507FA725B18}.Debug|Any CPU.Build.0 = Debug|Any CPU
		{BE183B3E-359C-4CC8-8D14-A507FA725B18}.Release|Any CPU.ActiveCfg = Release|Any CPU
		{BE183B3E-359C-4CC8-8D14-A507FA725B18}.Release|Any CPU.Build.0 = Release|Any CPU
	EndGlobalSection
	GlobalSection(SolutionProperties) = preSolution
		HideSolutionNode = FALSE
	EndGlobalSection
EndGlobal
